{
    "_readme": [
        "This file locks the dependencies of your project to a known state",
        "Read more about it at https://getcomposer.org/doc/01-basic-usage.md#composer-lock-the-lock-file",
        "This file is @generated automatically"
    ],
    "hash": "c8db3a1a07a6c0ccc91742ce5307d201",
    "content-hash": "4dcc3cdead684e5218b9eceb323ee51a",
    "packages": [
        {
            "name": "conroe-soluciones/csreporter",
            "version": "dev-master",
            "source": {
                "type": "git",
                "url": "https://github.com/ConroeSoluciones/CSReporter-API-PHP.git",
                "reference": "efc70c4610634afa85121c4c09ebd9ce70fe27dd"
            },
            "dist": {
                "type": "zip",
                "url": "https://api.github.com/repos/ConroeSoluciones/CSReporter-API-PHP/zipball/efc70c4610634afa85121c4c09ebd9ce70fe27dd",
                "reference": "efc70c4610634afa85121c4c09ebd9ce70fe27dd",
                "shasum": ""
            },
            "require-dev": {
                "codegyre/robo": "~1"
            },
            "type": "library",
            "autoload": {
                "psr-4": {
                    "ConroeSoluciones\\CSReporter\\": "src/main/ConroeSoluciones/CSReporter/"
                }
            },
            "description": "API CSReporter para PHP",
            "support": {
                "source": "https://github.com/ConroeSoluciones/CSReporter-API-PHP/tree/master",
                "issues": "https://github.com/ConroeSoluciones/CSReporter-API-PHP/issues"
            },
            "time": "2016-05-29 04:51:34"
        }
    ],
    "packages-dev": [],
    "aliases": [],
    "minimum-stability": "stable",
    "stability-flags": {
        "conroe-soluciones/csreporter": 20
    },
    "prefer-stable": false,
    "prefer-lowest": false,
    "platform": [],
    "platform-dev": []
}
